
Microsoft Visual Studio Solution File, Format Version 12.00
# Visual Studio 15
VisualStudioVersion = 15.0.27703.2018
MinimumVisualStudioVersion = 10.0.40219.1
Project("{FAE04EC0-301F-11D3-BF4B-00C04F79EFBC}") = "CustomMvcValidation", "CustomMvcValidation\CustomMvcValidation.csproj", "{47B1499F-8B27-4C52-9518-8F2D230B0625}"
EndProject
Global
	GlobalSection(SolutionConfigurationPlatforms) = preSolution
		Debug|Any CPU = Debug|Any CPU
		Release|Any CPU = Release|Any CPU
	EndGlobalSection
	GlobalSection(ProjectConfigurationPlatforms) = postSolution
		{47B1499F-8B27-4C52-9518-8F2D230B0625}.Debug|Any CPU.ActiveCfg = Debug|Any CPU
		{47B1499F-8B27-4C52-9518-8F2D230B0625}.Debug|Any CPU.Build.0 = Debug|Any CPU
		{47B1499F-8B27-4C52-9518-8F2D230B0625}.Release|Any CPU.ActiveCfg = Release|Any CPU
		{47B1499F-8B27-4C52-9518-8F2D230B0625}.Release|Any CPU.Build.0 = Release|Any CPU
	EndGlobalSection
	GlobalSection(SolutionProperties) = preSolution
		HideSolutionNode = FALSE
	EndGlobalSection
	GlobalSection(ExtensibilityGlobals) = postSolution
		SolutionGuid = {AC118311-5592-4CD7-9732-171675E6430E}
	EndGlobalSection
EndGlobal
